
Microsoft Visual Studio Solution File, Format Version 12.00
# Visual Studio Version 17
VisualStudioVersion = 17.8.34316.72
MinimumVisualStudioVersion = 10.0.40219.1
Project("{FAE04EC0-301F-11D3-BF4B-00C04F79EFBC}") = "BilimHeal.Server", "BilimHeal.Server\BilimHeal.Server.csproj", "{02E49DD7-F4ED-4CC2-9E32-1FCA772D428B}"
EndProject
Global
	GlobalSection(SolutionConfigurationPlatforms) = preSolution
		Debug|Any CPU = Debug|Any CPU
		Release|Any CPU = Release|Any CPU
	EndGlobalSection
	GlobalSection(ProjectConfigurationPlatforms) = postSolution
		{02E49DD7-F4ED-4CC2-9E32-1FCA772D428B}.Debug|Any CPU.ActiveCfg = Debug|Any CPU
		{02E49DD7-F4ED-4CC2-9E32-1FCA772D428B}.Debug|Any CPU.Build.0 = Debug|Any CPU
		{02E49DD7-F4ED-4CC2-9E32-1FCA772D428B}.Release|Any CPU.ActiveCfg = Release|Any CPU
		{02E49DD7-F4ED-4CC2-9E32-1FCA772D428B}.Release|Any CPU.Build.0 = Release|Any CPU
	EndGlobalSection
	GlobalSection(SolutionProperties) = preSolution
		HideSolutionNode = FALSE
	EndGlobalSection
	GlobalSection(ExtensibilityGlobals) = postSolution
		SolutionGuid = {C897FC7E-FEB7-4BD1-B494-7AA3DE32FA10}
	EndGlobalSection
EndGlobal
